
Microsoft Visual Studio Solution File, Format Version 12.00
# Visual Studio Version 16
VisualStudioVersion = 16.0.30128.36
MinimumVisualStudioVersion = 10.0.40219.1
Project("{2150E333-8FDC-42A3-9474-1A3956D46DE8}") = "Application", "Application", "{CDB3DB91-D5C5-4016-B3BE-7CB9D471C4A6}"
EndProject
Project("{2150E333-8FDC-42A3-9474-1A3956D46DE8}") = "Domain", "Domain", "{C7B3B170-ABA8-4FEC-80A2-F691769DA91A}"
EndProject
Project("{2150E333-8FDC-42A3-9474-1A3956D46DE8}") = "Infra.IoC", "Infra.IoC", "{C76ADDC7-FA80-448B-947A-44092857AF9F}"
EndProject
Project("{2150E333-8FDC-42A3-9474-1A3956D46DE8}") = "Infra.Data", "Infra.Data", "{E1F8FC6F-038F-4F79-ADD9-786E02FF4E8D}"
EndProject
Project("{2150E333-8FDC-42A3-9474-1A3956D46DE8}") = "Presentation", "Presentation", "{AF41C9AE-F240-4878-AA34-349D9E9F0B74}"
EndProject
Project("{9A19103F-16F7-4668-BE54-9A1E7A4F7556}") = "CleanArch.Mvc", "CleanArch.Mvc\CleanArch.Mvc.csproj", "{1CA37D4A-E291-4BFF-8ADE-1AA3338B76C9}"
EndProject
Project("{9A19103F-16F7-4668-BE54-9A1E7A4F7556}") = "CleanArch.Domain", "CleanArch.Domain\CleanArch.Domain.csproj", "{7F7E9332-8DF2-435D-8455-8A49BB86DAE8}"
EndProject
Project("{9A19103F-16F7-4668-BE54-9A1E7A4F7556}") = "CleanArch.Infra.Data", "CleanArch.Infra.Data\CleanArch.Infra.Data.csproj", "{8443C6AF-9E6D-4169-AF05-1743DACD737C}"
EndProject
Project("{9A19103F-16F7-4668-BE54-9A1E7A4F7556}") = "CleanArch.Application", "CleanArch.Application\CleanArch.Application.csproj", "{9733816E-147C-4D36-AF65-ABEBA877D8C6}"
EndProject
Project("{9A19103F-16F7-4668-BE54-9A1E7A4F7556}") = "CleanArch.Infra.IoC", "CleanArch.Infra.IoC\CleanArch.Infra.IoC.csproj", "{6120B5FF-BCFE-463F-B942-88D9A12E951C}"
EndProject
Project("{2150E333-8FDC-42A3-9474-1A3956D46DE8}") = "Infra.Bus", "Infra.Bus", "{0AF7A11C-AA88-4838-9FD7-74094600CA7F}"
EndProject
Project("{2150E333-8FDC-42A3-9474-1A3956D46DE8}") = "Api", "Api", "{4A07F9A8-B63A-4060-8012-20E52DBF9381}"
EndProject
Project("{FAE04EC0-301F-11D3-BF4B-00C04F79EFBC}") = "CleanArch.Infra.Bus", "CleanArch.Infra.Bus\CleanArch.Infra.Bus.csproj", "{DE415662-D016-4C9A-B949-28F6380AC934}"
EndProject
Global
	GlobalSection(SolutionConfigurationPlatforms) = preSolution
		Debug|Any CPU = Debug|Any CPU
		Release|Any CPU = Release|Any CPU
	EndGlobalSection
	GlobalSection(ProjectConfigurationPlatforms) = postSolution
		{1CA37D4A-E291-4BFF-8ADE-1AA3338B76C9}.Debug|Any CPU.ActiveCfg = Debug|Any CPU
		{1CA37D4A-E291-4BFF-8ADE-1AA3338B76C9}.Debug|Any CPU.Build.0 = Debug|Any CPU
		{1CA37D4A-E291-4BFF-8ADE-1AA3338B76C9}.Release|Any CPU.ActiveCfg = Release|Any CPU
		{1CA37D4A-E291-4BFF-8ADE-1AA3338B76C9}.Release|Any CPU.Build.0 = Release|Any CPU
		{7F7E9332-8DF2-435D-8455-8A49BB86DAE8}.Debug|Any CPU.ActiveCfg = Debug|Any CPU
		{7F7E9332-8DF2-435D-8455-8A49BB86DAE8}.Debug|Any CPU.Build.0 = Debug|Any CPU
		{7F7E9332-8DF2-435D-8455-8A49BB86DAE8}.Release|Any CPU.ActiveCfg = Release|Any CPU
		{7F7E9332-8DF2-435D-8455-8A49BB86DAE8}.Release|Any CPU.Build.0 = Release|Any CPU
		{8443C6AF-9E6D-4169-AF05-1743DACD737C}.Debug|Any CPU.ActiveCfg = Debug|Any CPU
		{8443C6AF-9E6D-4169-AF05-1743DACD737C}.Debug|Any CPU.Build.0 = Debug|Any CPU
		{8443C6AF-9E6D-4169-AF05-1743DACD737C}.Release|Any CPU.ActiveCfg = Release|Any CPU
		{8443C6AF-9E6D-4169-AF05-1743DACD737C}.Release|Any CPU.Build.0 = Release|Any CPU
		{9733816E-147C-4D36-AF65-ABEBA877D8C6}.Debug|Any CPU.ActiveCfg = Debug|Any CPU
		{9733816E-147C-4D36-AF65-ABEBA877D8C6}.Debug|Any CPU.Build.0 = Debug|Any CPU
		{9733816E-147C-4D36-AF65-ABEBA877D8C6}.Release|Any CPU.ActiveCfg = Release|Any CPU
		{9733816E-147C-4D36-AF65-ABEBA877D8C6}.Release|Any CPU.Build.0 = Release|Any CPU
		{6120B5FF-BCFE-463F-B942-88D9A12E951C}.Debug|Any CPU.ActiveCfg = Debug|Any CPU
		{6120B5FF-BCFE-463F-B942-88D9A12E951C}.Debug|Any CPU.Build.0 = Debug|Any CPU
		{6120B5FF-BCFE-463F-B942-88D9A12E951C}.Release|Any CPU.ActiveCfg = Release|Any CPU
		{6120B5FF-BCFE-463F-B942-88D9A12E951C}.Release|Any CPU.Build.0 = Release|Any CPU
		{DE415662-D016-4C9A-B949-28F6380AC934}.Debug|Any CPU.ActiveCfg = Debug|Any CPU
		{DE415662-D016-4C9A-B949-28F6380AC934}.Debug|Any CPU.Build.0 = Debug|Any CPU
		{DE415662-D016-4C9A-B949-28F6380AC934}.Release|Any CPU.ActiveCfg = Release|Any CPU
		{DE415662-D016-4C9A-B949-28F6380AC934}.Release|Any CPU.Build.0 = Release|Any CPU
	EndGlobalSection
	GlobalSection(SolutionProperties) = preSolution
		HideSolutionNode = FALSE
	EndGlobalSection
	GlobalSection(NestedProjects) = preSolution
		{1CA37D4A-E291-4BFF-8ADE-1AA3338B76C9} = {AF41C9AE-F240-4878-AA34-349D9E9F0B74}
		{7F7E9332-8DF2-435D-8455-8A49BB86DAE8} = {C7B3B170-ABA8-4FEC-80A2-F691769DA91A}
		{8443C6AF-9E6D-4169-AF05-1743DACD737C} = {E1F8FC6F-038F-4F79-ADD9-786E02FF4E8D}
		{9733816E-147C-4D36-AF65-ABEBA877D8C6} = {CDB3DB91-D5C5-4016-B3BE-7CB9D471C4A6}
		{6120B5FF-BCFE-463F-B942-88D9A12E951C} = {C76ADDC7-FA80-448B-947A-44092857AF9F}
		{DE415662-D016-4C9A-B949-28F6380AC934} = {0AF7A11C-AA88-4838-9FD7-74094600CA7F}
	EndGlobalSection
	GlobalSection(ExtensibilityGlobals) = postSolution
		SolutionGuid = {6030884E-8BCE-4662-A01F-BB67BE1846F1}
	EndGlobalSection
EndGlobal
